
Microsoft Visual Studio Solution File, Format Version 12.00
# Visual Studio Version 17
VisualStudioVersion = 17.8.34511.84
MinimumVisualStudioVersion = 10.0.40219.1
Project("{9A19103F-16F7-4668-BE54-9A1E7A4F7556}") = "VeicoloAuto", "VeicoloAuto\VeicoloAuto.csproj", "{BE023A54-AAE3-435C-B41D-FB398E399E6D}"
EndProject
Project("{2150E333-8FDC-42A3-9474-1A3956D46DE8}") = "ClasseAstratta", "ClasseAstratta", "{FA3FBD55-1622-4F26-BC98-96EED9A7834F}"
EndProject
Project("{FAE04EC0-301F-11D3-BF4B-00C04F79EFBC}") = "AbstractClassExample", "AbstractClassExample\AbstractClassExample.csproj", "{5F689F46-5FD7-4A4F-80DC-346997B15BE6}"
EndProject
Project("{2150E333-8FDC-42A3-9474-1A3956D46DE8}") = "Interfaccia", "Interfaccia", "{246DEE07-2024-4ABB-AAD0-5E09E20F7741}"
EndProject
Project("{FAE04EC0-301F-11D3-BF4B-00C04F79EFBC}") = "InterfaceExample", "InterfaceExample\InterfaceExample.csproj", "{09FDA4B0-AD4E-411A-BBDF-9C34F2BF4E9C}"
EndProject
Global
	GlobalSection(SolutionConfigurationPlatforms) = preSolution
		Debug|Any CPU = Debug|Any CPU
		Release|Any CPU = Release|Any CPU
	EndGlobalSection
	GlobalSection(ProjectConfigurationPlatforms) = postSolution
		{BE023A54-AAE3-435C-B41D-FB398E399E6D}.Debug|Any CPU.ActiveCfg = Debug|Any CPU
		{BE023A54-AAE3-435C-B41D-FB398E399E6D}.Debug|Any CPU.Build.0 = Debug|Any CPU
		{BE023A54-AAE3-435C-B41D-FB398E399E6D}.Release|Any CPU.ActiveCfg = Release|Any CPU
		{BE023A54-AAE3-435C-B41D-FB398E399E6D}.Release|Any CPU.Build.0 = Release|Any CPU
		{5F689F46-5FD7-4A4F-80DC-346997B15BE6}.Debug|Any CPU.ActiveCfg = Debug|Any CPU
		{5F689F46-5FD7-4A4F-80DC-346997B15BE6}.Debug|Any CPU.Build.0 = Debug|Any CPU
		{5F689F46-5FD7-4A4F-80DC-346997B15BE6}.Release|Any CPU.ActiveCfg = Release|Any CPU
		{5F689F46-5FD7-4A4F-80DC-346997B15BE6}.Release|Any CPU.Build.0 = Release|Any CPU
		{09FDA4B0-AD4E-411A-BBDF-9C34F2BF4E9C}.Debug|Any CPU.ActiveCfg = Debug|Any CPU
		{09FDA4B0-AD4E-411A-BBDF-9C34F2BF4E9C}.Debug|Any CPU.Build.0 = Debug|Any CPU
		{09FDA4B0-AD4E-411A-BBDF-9C34F2BF4E9C}.Release|Any CPU.ActiveCfg = Release|Any CPU
		{09FDA4B0-AD4E-411A-BBDF-9C34F2BF4E9C}.Release|Any CPU.Build.0 = Release|Any CPU
	EndGlobalSection
	GlobalSection(SolutionProperties) = preSolution
		HideSolutionNode = FALSE
	EndGlobalSection
	GlobalSection(NestedProjects) = preSolution
		{5F689F46-5FD7-4A4F-80DC-346997B15BE6} = {FA3FBD55-1622-4F26-BC98-96EED9A7834F}
		{09FDA4B0-AD4E-411A-BBDF-9C34F2BF4E9C} = {246DEE07-2024-4ABB-AAD0-5E09E20F7741}
	EndGlobalSection
	GlobalSection(ExtensibilityGlobals) = postSolution
		SolutionGuid = {CBDE1253-B0F9-490B-BEE0-397F8B9DA006}
	EndGlobalSection
EndGlobal
